// !$*UTF8*$!
{
	archiveVersion = 1;
	classes = {
	};
	objectVersion = 55;
	objects = {

/* Begin PBXBuildFile section */
		CE2D4CA1287D75410017CB26 /* dropFocus2.swift in Sources */ = {isa = PBXBuildFile; fileRef = CE2D4CA0287D75410017CB26 /* dropFocus2.swift */; };
		CE2D4CA3287D75AE0017CB26 /* DropFocus3.swift in Sources */ = {isa = PBXBuildFile; fileRef = CE2D4CA2287D75AE0017CB26 /* DropFocus3.swift */; };
		CE2D4CA5287D9BFA0017CB26 /* dropFocusBecauseNotif.swift in Sources */ = {isa = PBXBuildFile; fileRef = CE2D4CA4287D9BFA0017CB26 /* dropFocusBecauseNotif.swift */; };
		CEE91FDD28759206009A2DC3 /* don_tFocusOnTextFieldApp.swift in Sources */ = {isa = PBXBuildFile; fileRef = CEE91FDC28759206009A2DC3 /* don_tFocusOnTextFieldApp.swift */; };
		CEE91FDF28759206009A2DC3 /* ContentView.swift in Sources */ = {isa = PBXBuildFile; fileRef = CEE91FDE28759206009A2DC3 /* ContentView.swift */; };
		CEE91FE128759209009A2DC3 /* Assets.xcassets in Resources */ = {isa = PBXBuildFile; fileRef = CEE91FE028759209009A2DC3 /* Assets.xcassets */; };
		CEE91FE428759209009A2DC3 /* Preview Assets.xcassets in Resources */ = {isa = PBXBuildFile; fileRef = CEE91FE328759209009A2DC3 /* Preview Assets.xcassets */; };
/* End PBXBuildFile section */

/* Begin PBXFileReference section */
		CE2D4CA0287D75410017CB26 /* dropFocus2.swift */ = {isa = PBXFileReference; lastKnownFileType = sourcecode.swift; path = dropFocus2.swift; sourceTree = "<group>"; };
		CE2D4CA2287D75AE0017CB26 /* DropFocus3.swift */ = {isa = PBXFileReference; lastKnownFileType = sourcecode.swift; path = DropFocus3.swift; sourceTree = "<group>"; };
		CE2D4CA4287D9BFA0017CB26 /* dropFocusBecauseNotif.swift */ = {isa = PBXFileReference; lastKnownFileType = sourcecode.swift; path = dropFocusBecauseNotif.swift; sourceTree = "<group>"; };
		CEE91FD928759206009A2DC3 /* don'tFocusOnTextField.app */ = {isa = PBXFileReference; explicitFileType = wrapper.application; includeInIndex = 0; path = "don'tFocusOnTextField.app"; sourceTree = BUILT_PRODUCTS_DIR; };
		CEE91FDC28759206009A2DC3 /* don_tFocusOnTextFieldApp.swift */ = {isa = PBXFileReference; lastKnownFileType = sourcecode.swift; path = don_tFocusOnTextFieldApp.swift; sourceTree = "<group>"; };
		CEE91FDE28759206009A2DC3 /* ContentView.swift */ = {isa = PBXFileReference; lastKnownFileType = sourcecode.swift; path = ContentView.swift; sourceTree = "<group>"; };
		CEE91FE028759209009A2DC3 /* Assets.xcassets */ = {isa = PBXFileReference; lastKnownFileType = folder.assetcatalog; path = Assets.xcassets; sourceTree = "<group>"; };
		CEE91FE328759209009A2DC3 /* Preview Assets.xcassets */ = {isa = PBXFileReference; lastKnownFileType = folder.assetcatalog; path = "Preview Assets.xcassets"; sourceTree = "<group>"; };
		CEE91FE528759209009A2DC3 /* don_tFocusOnTextField.entitlements */ = {isa = PBXFileReference; lastKnownFileType = text.plist.entitlements; path = don_tFocusOnTextField.entitlements; sourceTree = "<group>"; };
/* End PBXFileReference section */

/* Begin PBXFrameworksBuildPhase section */
		CEE91FD628759206009A2DC3 /* Frameworks */ = {
			isa = PBXFrameworksBuildPhase;
			buildActionMask = 2147483647;
			files = (
			);
			runOnlyForDeploymentPostprocessing = 0;
		};
/* End PBXFrameworksBuildPhase section */

/* Begin PBXGroup section */
		CEE91FD028759206009A2DC3 = {
			isa = PBXGroup;
			children = (
				CEE91FDB28759206009A2DC3 /* don'tFocusOnTextField */,
				CEE91FDA28759206009A2DC3 /* Products */,
			);
			sourceTree = "<group>";
		};
		CEE91FDA28759206009A2DC3 /* Products */ = {
			isa = PBXGroup;
			children = (
				CEE91FD928759206009A2DC3 /* don'tFocusOnTextField.app */,
			);
			name = Products;
			sourceTree = "<group>";
		};
		CEE91FDB28759206009A2DC3 /* don'tFocusOnTextField */ = {
			isa = PBXGroup;
			children = (
				CEE91FDC28759206009A2DC3 /* don_tFocusOnTextFieldApp.swift */,
				CEE91FDE28759206009A2DC3 /* ContentView.swift */,
				CE2D4CA0287D75410017CB26 /* dropFocus2.swift */,
				CE2D4CA4287D9BFA0017CB26 /* dropFocusBecauseNotif.swift */,
				CE2D4CA2287D75AE0017CB26 /* DropFocus3.swift */,
				CEE91FE028759209009A2DC3 /* Assets.xcassets */,
				CEE91FE528759209009A2DC3 /* don_tFocusOnTextField.entitlements */,
				CEE91FE228759209009A2DC3 /* Preview Content */,
			);
			path = "don'tFocusOnTextField";
			sourceTree = "<group>";
		};
		CEE91FE228759209009A2DC3 /* Preview Content */ = {
			isa = PBXGroup;
			children = (
				CEE91FE328759209009A2DC3 /* Preview Assets.xcassets */,
			);
			path = "Preview Content";
			sourceTree = "<group>";
		};
/* End PBXGroup section */

/* Begin PBXNativeTarget section */
		CEE91FD828759206009A2DC3 /* don'tFocusOnTextField */ = {
			isa = PBXNativeTarget;
			buildConfigurationList = CEE91FE828759209009A2DC3 /* Build configuration list for PBXNativeTarget "don'tFocusOnTextField" */;
			buildPhases = (
				CEE91FD528759206009A2DC3 /* Sources */,
				CEE91FD628759206009A2DC3 /* Frameworks */,
				CEE91FD728759206009A2DC3 /* Resources */,
			);
			buildRules = (
			);
			dependencies = (
			);
			name = "don'tFocusOnTextField";
			productName = "don'tFocusOnTextField";
			productReference = CEE91FD928759206009A2DC3 /* don'tFocusOnTextField.app */;
			productType = "com.apple.product-type.application";
		};
/* End PBXNativeTarget section */

/* Begin PBXProject section */
		CEE91FD128759206009A2DC3 /* Project object */ = {
			isa = PBXProject;
			attributes = {
				BuildIndependentTargetsInParallel = 1;
				LastSwiftUpdateCheck = 1330;
				LastUpgradeCheck = 1330;
				TargetAttributes = {
					CEE91FD828759206009A2DC3 = {
						CreatedOnToolsVersion = 13.3;
					};
				};
			};
			buildConfigurationList = CEE91FD428759206009A2DC3 /* Build configuration list for PBXProject "don'tFocusOnTextField" */;
			compatibilityVersion = "Xcode 13.0";
			developmentRegion = en;
			hasScannedForEncodings = 0;
			knownRegions = (
				en,
				Base,
			);
			mainGroup = CEE91FD028759206009A2DC3;
			productRefGroup = CEE91FDA28759206009A2DC3 /* Products */;
			projectDirPath = "";
			projectRoot = "";
			targets = (
				CEE91FD828759206009A2DC3 /* don'tFocusOnTextField */,
			);
		};
/* End PBXProject section */

/* Begin PBXResourcesBuildPhase section */
		CEE91FD728759206009A2DC3 /* Resources */ = {
			isa = PBXResourcesBuildPhase;
			buildActionMask = 2147483647;
			files = (
				CEE91FE428759209009A2DC3 /* Preview Assets.xcassets in Resources */,
				CEE91FE128759209009A2DC3 /* Assets.xcassets in Resources */,
			);
			runOnlyForDeploymentPostprocessing = 0;
		};
/* End PBXResourcesBuildPhase section */

/* Begin PBXSourcesBuildPhase section */
		CEE91FD528759206009A2DC3 /* Sources */ = {
			isa = PBXSourcesBuildPhase;
			buildActionMask = 2147483647;
			files = (
				CEE91FDF28759206009A2DC3 /* ContentView.swift in Sources */,
				CE2D4CA1287D75410017CB26 /* dropFocus2.swift in Sources */,
				CEE91FDD28759206009A2DC3 /* don_tFocusOnTextFieldApp.swift in Sources */,
				CE2D4CA5287D9BFA0017CB26 /* dropFocusBecauseNotif.swift in Sources */,
				CE2D4CA3287D75AE0017CB26 /* DropFocus3.swift in Sources */,
			);
			runOnlyForDeploymentPostprocessing = 0;
		};
/* End PBXSourcesBuildPhase section */

/* Begin XCBuildConfiguration section */
		CEE91FE628759209009A2DC3 /* Debug */ = {
			isa = XCBuildConfiguration;
			buildSettings = {
				ALWAYS_SEARCH_USER_PATHS = NO;
				CLANG_ANALYZER_NONNULL = YES;
				CLANG_ANALYZER_NUMBER_OBJECT_CONVERSION = YES_AGGRESSIVE;
				CLANG_CXX_LANGUAGE_STANDARD = "gnu++17";
				CLANG_ENABLE_MODULES = YES;
				CLANG_ENABLE_OBJC_ARC = YES;
				CLANG_ENABLE_OBJC_WEAK = YES;
				CLANG_WARN_BLOCK_CAPTURE_AUTORELEASING = YES;
				CLANG_WARN_BOOL_CONVERSION = YES;
				CLANG_WARN_COMMA = YES;
				CLANG_WARN_CONSTANT_CONVERSION = YES;
				CLANG_WARN_DEPRECATED_OBJC_IMPLEMENTATIONS = YES;
				CLANG_WARN_DIRECT_OBJC_ISA_USAGE = YES_ERROR;
				CLANG_WARN_DOCUMENTATION_COMMENTS = YES;
				CLANG_WARN_EMPTY_BODY = YES;
				CLANG_WARN_ENUM_CONVERSION = YES;
				CLANG_WARN_INFINITE_RECURSION = YES;
				CLANG_WARN_INT_CONVERSION = YES;
				CLANG_WARN_NON_LITERAL_NULL_CONVERSION = YES;
				CLANG_WARN_OBJC_IMPLICIT_RETAIN_SELF = YES;
				CLANG_WARN_OBJC_LITERAL_CONVERSION = YES;
				CLANG_WARN_OBJC_ROOT_CLASS = YES_ERROR;
				CLANG_WARN_QUOTED_INCLUDE_IN_FRAMEWORK_HEADER = YES;
				CLANG_WARN_RANGE_LOOP_ANALYSIS = YES;
				CLANG_WARN_STRICT_PROTOTYPES = YES;
				CLANG_WARN_SUSPICIOUS_MOVE = YES;
				CLANG_WARN_UNGUARDED_AVAILABILITY = YES_AGGRESSIVE;
				CLANG_WARN_UNREACHABLE_CODE = YES;
				CLANG_WARN__DUPLICATE_METHOD_MATCH = YES;
				COPY_PHASE_STRIP = NO;
				DEBUG_INFORMATION_FORMAT = dwarf;
				ENABLE_STRICT_OBJC_MSGSEND = YES;
				ENABLE_TESTABILITY = YES;
				GCC_C_LANGUAGE_STANDARD = gnu11;
				GCC_DYNAMIC_NO_PIC = NO;
				GCC_NO_COMMON_BLOCKS = YES;
				GCC_OPTIMIZATION_LEVEL = 0;
				GCC_PREPROCESSOR_DEFINITIONS = (
					"DEBUG=1",
					"$(inherited)",
				);
				GCC_WARN_64_TO_32_BIT_CONVERSION = YES;
				GCC_WARN_ABOUT_RETURN_TYPE = YES_ERROR;
				GCC_WARN_UNDECLARED_SELECTOR = YES;
				GCC_WARN_UNINITIALIZED_AUTOS = YES_AGGRESSIVE;
				GCC_WARN_UNUSED_FUNCTION = YES;
				GCC_WARN_UNUSED_VARIABLE = YES;
				MACOSX_DEPLOYMENT_TARGET = 12.3;
				MTL_ENABLE_DEBUG_INFO = INCLUDE_SOURCE;
				MTL_FAST_MATH = YES;
				ONLY_ACTIVE_ARCH = YES;
				SDKROOT = macosx;
				SWIFT_ACTIVE_COMPILATION_CONDITIONS = DEBUG;
				SWIFT_OPTIMIZATION_LEVEL = "-Onone";
			};
			name = Debug;
		};
		CEE91FE728759209009A2DC3 /* Release */ = {
			isa = XCBuildConfiguration;
			buildSettings = {
				ALWAYS_SEARCH_USER_PATHS = NO;
				CLANG_ANALYZER_NONNULL = YES;
				CLANG_ANALYZER_NUMBER_OBJECT_CONVERSION = YES_AGGRESSIVE;
				CLANG_CXX_LANGUAGE_STANDARD = "gnu++17";
				CLANG_ENABLE_MODULES = YES;
				CLANG_ENABLE_OBJC_ARC = YES;
				CLANG_ENABLE_OBJC_WEAK = YES;
				CLANG_WARN_BLOCK_CAPTURE_AUTORELEASING = YES;
				CLANG_WARN_BOOL_CONVERSION = YES;
				CLANG_WARN_COMMA = YES;
				CLANG_WARN_CONSTANT_CONVERSION = YES;
				CLANG_WARN_DEPRECATED_OBJC_IMPLEMENTATIONS = YES;
				CLANG_WARN_DIRECT_OBJC_ISA_USAGE = YES_ERROR;
				CLANG_WARN_DOCUMENTATION_COMMENTS = YES;
				CLANG_WARN_EMPTY_BODY = YES;
				CLANG_WARN_ENUM_CONVERSION = YES;
				CLANG_WARN_INFINITE_RECURSION = YES;
				CLANG_WARN_INT_CONVERSION = YES;
				CLANG_WARN_NON_LITERAL_NULL_CONVERSION = YES;
				CLANG_WARN_OBJC_IMPLICIT_RETAIN_SELF = YES;
				CLANG_WARN_OBJC_LITERAL_CONVERSION = YES;
				CLANG_WARN_OBJC_ROOT_CLASS = YES_ERROR;
				CLANG_WARN_QUOTED_INCLUDE_IN_FRAMEWORK_HEADER = YES;
				CLANG_WARN_RANGE_LOOP_ANALYSIS = YES;
				CLANG_WARN_STRICT_PROTOTYPES = YES;
				CLANG_WARN_SUSPICIOUS_MOVE = YES;
				CLANG_WARN_UNGUARDED_AVAILABILITY = YES_AGGRESSIVE;
				CLANG_WARN_UNREACHABLE_CODE = YES;
				CLANG_WARN__DUPLICATE_METHOD_MATCH = YES;
				COPY_PHASE_STRIP = NO;
				DEBUG_INFORMATION_FORMAT = "dwarf-with-dsym";
				ENABLE_NS_ASSERTIONS = NO;
				ENABLE_STRICT_OBJC_MSGSEND = YES;
				GCC_C_LANGUAGE_STANDARD = gnu11;
				GCC_NO_COMMON_BLOCKS = YES;
				GCC_WARN_64_TO_32_BIT_CONVERSION = YES;
				GCC_WARN_ABOUT_RETURN_TYPE = YES_ERROR;
				GCC_WARN_UNDECLARED_SELECTOR = YES;
				GCC_WARN_UNINITIALIZED_AUTOS = YES_AGGRESSIVE;
				GCC_WARN_UNUSED_FUNCTION = YES;
				GCC_WARN_UNUSED_VARIABLE = YES;
				MACOSX_DEPLOYMENT_TARGET = 12.3;
				MTL_ENABLE_DEBUG_INFO = NO;
				MTL_FAST_MATH = YES;
				SDKROOT = macosx;
				SWIFT_COMPILATION_MODE = wholemodule;
				SWIFT_OPTIMIZATION_LEVEL = "-O";
			};
			name = Release;
		};
		CEE91FE928759209009A2DC3 /* Debug */ = {
			isa = XCBuildConfiguration;
			buildSettings = {
				ASSETCATALOG_COMPILER_APPICON_NAME = AppIcon;
				ASSETCATALOG_COMPILER_GLOBAL_ACCENT_COLOR_NAME = AccentColor;
				CODE_SIGN_ENTITLEMENTS = "don'tFocusOnTextField/don_tFocusOnTextField.entitlements";
				CODE_SIGN_STYLE = Automatic;
				COMBINE_HIDPI_IMAGES = YES;
				CURRENT_PROJECT_VERSION = 1;
				DEVELOPMENT_ASSET_PATHS = "\"don'tFocusOnTextField/Preview Content\"";
				DEVELOPMENT_TEAM = 2V4K9G97E3;
				ENABLE_HARDENED_RUNTIME = YES;
				ENABLE_PREVIEWS = YES;
				GENERATE_INFOPLIST_FILE = YES;
				INFOPLIST_KEY_NSHumanReadableCopyright = "";
				LD_RUNPATH_SEARCH_PATHS = (
					"$(inherited)",
					"@executable_path/../Frameworks",
				);
				MARKETING_VERSION = 1.0;
				PRODUCT_BUNDLE_IDENTIFIER = "com.don-tFocusOnTextField";
				PRODUCT_NAME = "$(TARGET_NAME)";
				SWIFT_EMIT_LOC_STRINGS = YES;
				SWIFT_VERSION = 5.0;
			};
			name = Debug;
		};
		CEE91FEA28759209009A2DC3 /* Release */ = {
			isa = XCBuildConfiguration;
			buildSettings = {
				ASSETCATALOG_COMPILER_APPICON_NAME = AppIcon;
				ASSETCATALOG_COMPILER_GLOBAL_ACCENT_COLOR_NAME = AccentColor;
				CODE_SIGN_ENTITLEMENTS = "don'tFocusOnTextField/don_tFocusOnTextField.entitlements";
				CODE_SIGN_STYLE = Automatic;
				COMBINE_HIDPI_IMAGES = YES;
				CURRENT_PROJECT_VERSION = 1;
				DEVELOPMENT_ASSET_PATHS = "\"don'tFocusOnTextField/Preview Content\"";
				DEVELOPMENT_TEAM = 2V4K9G97E3;
				ENABLE_HARDENED_RUNTIME = YES;
				ENABLE_PREVIEWS = YES;
				GENERATE_INFOPLIST_FILE = YES;
				INFOPLIST_KEY_NSHumanReadableCopyright = "";
				LD_RUNPATH_SEARCH_PATHS = (
					"$(inherited)",
					"@executable_path/../Frameworks",
				);
				MARKETING_VERSION = 1.0;
				PRODUCT_BUNDLE_IDENTIFIER = "com.don-tFocusOnTextField";
				PRODUCT_NAME = "$(TARGET_NAME)";
				SWIFT_EMIT_LOC_STRINGS = YES;
				SWIFT_VERSION = 5.0;
			};
			name = Release;
		};
/* End XCBuildConfiguration section */

/* Begin XCConfigurationList section */
		CEE91FD428759206009A2DC3 /* Build configuration list for PBXProject "don'tFocusOnTextField" */ = {
			isa = XCConfigurationList;
			buildConfigurations = (
				CEE91FE628759209009A2DC3 /* Debug */,
				CEE91FE728759209009A2DC3 /* Release */,
			);
			defaultConfigurationIsVisible = 0;
			defaultConfigurationName = Release;
		};
		CEE91FE828759209009A2DC3 /* Build configuration list for PBXNativeTarget "don'tFocusOnTextField" */ = {
			isa = XCConfigurationList;
			buildConfigurations = (
				CEE91FE928759209009A2DC3 /* Debug */,
				CEE91FEA28759209009A2DC3 /* Release */,
			);
			defaultConfigurationIsVisible = 0;
			defaultConfigurationName = Release;
		};
/* End XCConfigurationList section */
	};
	rootObject = CEE91FD128759206009A2DC3 /* Project object */;
}
