// !$*UTF8*$!
{
	archiveVersion = 1;
	classes = {
	};
	objectVersion = 55;
	objects = {

/* Begin PBXBuildFile section */
		CEF56CB4286380B400A8C825 /* unitTestsInSwiftApp.swift in Sources */ = {isa = PBXBuildFile; fileRef = CEF56CB3286380B400A8C825 /* unitTestsInSwiftApp.swift */; };
		CEF56CB6286380B400A8C825 /* ContentView.swift in Sources */ = {isa = PBXBuildFile; fileRef = CEF56CB5286380B400A8C825 /* ContentView.swift */; };
		CEF56CB8286380B500A8C825 /* Assets.xcassets in Resources */ = {isa = PBXBuildFile; fileRef = CEF56CB7286380B500A8C825 /* Assets.xcassets */; };
		CEF56CBB286380B500A8C825 /* Preview Assets.xcassets in Resources */ = {isa = PBXBuildFile; fileRef = CEF56CBA286380B500A8C825 /* Preview Assets.xcassets */; };
		CEF56CC92863B90B00A8C825 /* unitTestsInSwiftTests.swift in Sources */ = {isa = PBXBuildFile; fileRef = CEF56CC82863B90B00A8C825 /* unitTestsInSwiftTests.swift */; };
/* End PBXBuildFile section */

/* Begin PBXContainerItemProxy section */
		CEF56CCA2863B90B00A8C825 /* PBXContainerItemProxy */ = {
			isa = PBXContainerItemProxy;
			containerPortal = CEF56CA8286380B400A8C825 /* Project object */;
			proxyType = 1;
			remoteGlobalIDString = CEF56CAF286380B400A8C825;
			remoteInfo = unitTestsInSwift;
		};
/* End PBXContainerItemProxy section */

/* Begin PBXFileReference section */
		CE30E9AF2865EA6C00B64106 /* unitTestsInSwiftUITests.swift */ = {isa = PBXFileReference; lastKnownFileType = sourcecode.swift; path = unitTestsInSwiftUITests.swift; sourceTree = "<group>"; };
		CE30E9B12865EA6C00B64106 /* unitTestsInSwiftUITestsLaunchTests.swift */ = {isa = PBXFileReference; lastKnownFileType = sourcecode.swift; path = unitTestsInSwiftUITestsLaunchTests.swift; sourceTree = "<group>"; };
		CEF56CB0286380B400A8C825 /* unitTestsInSwift.app */ = {isa = PBXFileReference; explicitFileType = wrapper.application; includeInIndex = 0; path = unitTestsInSwift.app; sourceTree = BUILT_PRODUCTS_DIR; };
		CEF56CB3286380B400A8C825 /* unitTestsInSwiftApp.swift */ = {isa = PBXFileReference; lastKnownFileType = sourcecode.swift; path = unitTestsInSwiftApp.swift; sourceTree = "<group>"; };
		CEF56CB5286380B400A8C825 /* ContentView.swift */ = {isa = PBXFileReference; lastKnownFileType = sourcecode.swift; path = ContentView.swift; sourceTree = "<group>"; };
		CEF56CB7286380B500A8C825 /* Assets.xcassets */ = {isa = PBXFileReference; lastKnownFileType = folder.assetcatalog; path = Assets.xcassets; sourceTree = "<group>"; };
		CEF56CBA286380B500A8C825 /* Preview Assets.xcassets */ = {isa = PBXFileReference; lastKnownFileType = folder.assetcatalog; path = "Preview Assets.xcassets"; sourceTree = "<group>"; };
		CEF56CBC286380B500A8C825 /* unitTestsInSwift.entitlements */ = {isa = PBXFileReference; lastKnownFileType = text.plist.entitlements; path = unitTestsInSwift.entitlements; sourceTree = "<group>"; };
		CEF56CC62863B90B00A8C825 /* unitTestsInSwiftTests.xctest */ = {isa = PBXFileReference; explicitFileType = wrapper.cfbundle; includeInIndex = 0; path = unitTestsInSwiftTests.xctest; sourceTree = BUILT_PRODUCTS_DIR; };
		CEF56CC82863B90B00A8C825 /* unitTestsInSwiftTests.swift */ = {isa = PBXFileReference; lastKnownFileType = sourcecode.swift; path = unitTestsInSwiftTests.swift; sourceTree = "<group>"; };
/* End PBXFileReference section */

/* Begin PBXFrameworksBuildPhase section */
		CEF56CAD286380B400A8C825 /* Frameworks */ = {
			isa = PBXFrameworksBuildPhase;
			buildActionMask = 2147483647;
			files = (
			);
			runOnlyForDeploymentPostprocessing = 0;
		};
		CEF56CC32863B90B00A8C825 /* Frameworks */ = {
			isa = PBXFrameworksBuildPhase;
			buildActionMask = 2147483647;
			files = (
			);
			runOnlyForDeploymentPostprocessing = 0;
		};
/* End PBXFrameworksBuildPhase section */

/* Begin PBXGroup section */
		CE30E9AE2865EA6C00B64106 /* unitTestsInSwiftUITests */ = {
			isa = PBXGroup;
			children = (
				CE30E9AF2865EA6C00B64106 /* unitTestsInSwiftUITests.swift */,
				CE30E9B12865EA6C00B64106 /* unitTestsInSwiftUITestsLaunchTests.swift */,
			);
			path = unitTestsInSwiftUITests;
			sourceTree = "<group>";
		};
		CEF56CA7286380B400A8C825 = {
			isa = PBXGroup;
			children = (
				CEF56CB2286380B400A8C825 /* unitTestsInSwift */,
				CEF56CC72863B90B00A8C825 /* unitTestsInSwiftTests */,
				CE30E9AE2865EA6C00B64106 /* unitTestsInSwiftUITests */,
				CEF56CB1286380B400A8C825 /* Products */,
			);
			sourceTree = "<group>";
		};
		CEF56CB1286380B400A8C825 /* Products */ = {
			isa = PBXGroup;
			children = (
				CEF56CB0286380B400A8C825 /* unitTestsInSwift.app */,
				CEF56CC62863B90B00A8C825 /* unitTestsInSwiftTests.xctest */,
			);
			name = Products;
			sourceTree = "<group>";
		};
		CEF56CB2286380B400A8C825 /* unitTestsInSwift */ = {
			isa = PBXGroup;
			children = (
				CEF56CB3286380B400A8C825 /* unitTestsInSwiftApp.swift */,
				CEF56CB5286380B400A8C825 /* ContentView.swift */,
				CEF56CB7286380B500A8C825 /* Assets.xcassets */,
				CEF56CBC286380B500A8C825 /* unitTestsInSwift.entitlements */,
				CEF56CB9286380B500A8C825 /* Preview Content */,
			);
			path = unitTestsInSwift;
			sourceTree = "<group>";
		};
		CEF56CB9286380B500A8C825 /* Preview Content */ = {
			isa = PBXGroup;
			children = (
				CEF56CBA286380B500A8C825 /* Preview Assets.xcassets */,
			);
			path = "Preview Content";
			sourceTree = "<group>";
		};
		CEF56CC72863B90B00A8C825 /* unitTestsInSwiftTests */ = {
			isa = PBXGroup;
			children = (
				CEF56CC82863B90B00A8C825 /* unitTestsInSwiftTests.swift */,
			);
			path = unitTestsInSwiftTests;
			sourceTree = "<group>";
		};
/* End PBXGroup section */

/* Begin PBXNativeTarget section */
		CEF56CAF286380B400A8C825 /* unitTestsInSwift */ = {
			isa = PBXNativeTarget;
			buildConfigurationList = CEF56CBF286380B500A8C825 /* Build configuration list for PBXNativeTarget "unitTestsInSwift" */;
			buildPhases = (
				CEF56CAC286380B400A8C825 /* Sources */,
				CEF56CAD286380B400A8C825 /* Frameworks */,
				CEF56CAE286380B400A8C825 /* Resources */,
			);
			buildRules = (
			);
			dependencies = (
			);
			name = unitTestsInSwift;
			productName = unitTestsInSwift;
			productReference = CEF56CB0286380B400A8C825 /* unitTestsInSwift.app */;
			productType = "com.apple.product-type.application";
		};
		CEF56CC52863B90B00A8C825 /* unitTestsInSwiftTests */ = {
			isa = PBXNativeTarget;
			buildConfigurationList = CEF56CCC2863B90B00A8C825 /* Build configuration list for PBXNativeTarget "unitTestsInSwiftTests" */;
			buildPhases = (
				CEF56CC22863B90B00A8C825 /* Sources */,
				CEF56CC32863B90B00A8C825 /* Frameworks */,
				CEF56CC42863B90B00A8C825 /* Resources */,
			);
			buildRules = (
			);
			dependencies = (
				CEF56CCB2863B90B00A8C825 /* PBXTargetDependency */,
			);
			name = unitTestsInSwiftTests;
			productName = unitTestsInSwiftTests;
			productReference = CEF56CC62863B90B00A8C825 /* unitTestsInSwiftTests.xctest */;
			productType = "com.apple.product-type.bundle.unit-test";
		};
/* End PBXNativeTarget section */

/* Begin PBXProject section */
		CEF56CA8286380B400A8C825 /* Project object */ = {
			isa = PBXProject;
			attributes = {
				BuildIndependentTargetsInParallel = 1;
				LastSwiftUpdateCheck = 1330;
				LastUpgradeCheck = 1330;
				TargetAttributes = {
					CEF56CAF286380B400A8C825 = {
						CreatedOnToolsVersion = 13.3;
					};
					CEF56CC52863B90B00A8C825 = {
						CreatedOnToolsVersion = 13.3;
						TestTargetID = CEF56CAF286380B400A8C825;
					};
				};
			};
			buildConfigurationList = CEF56CAB286380B400A8C825 /* Build configuration list for PBXProject "unitTestsInSwift" */;
			compatibilityVersion = "Xcode 13.0";
			developmentRegion = en;
			hasScannedForEncodings = 0;
			knownRegions = (
				en,
				Base,
			);
			mainGroup = CEF56CA7286380B400A8C825;
			productRefGroup = CEF56CB1286380B400A8C825 /* Products */;
			projectDirPath = "";
			projectRoot = "";
			targets = (
				CEF56CAF286380B400A8C825 /* unitTestsInSwift */,
				CEF56CC52863B90B00A8C825 /* unitTestsInSwiftTests */,
			);
		};
/* End PBXProject section */

/* Begin PBXResourcesBuildPhase section */
		CEF56CAE286380B400A8C825 /* Resources */ = {
			isa = PBXResourcesBuildPhase;
			buildActionMask = 2147483647;
			files = (
				CEF56CBB286380B500A8C825 /* Preview Assets.xcassets in Resources */,
				CEF56CB8286380B500A8C825 /* Assets.xcassets in Resources */,
			);
			runOnlyForDeploymentPostprocessing = 0;
		};
		CEF56CC42863B90B00A8C825 /* Resources */ = {
			isa = PBXResourcesBuildPhase;
			buildActionMask = 2147483647;
			files = (
			);
			runOnlyForDeploymentPostprocessing = 0;
		};
/* End PBXResourcesBuildPhase section */

/* Begin PBXSourcesBuildPhase section */
		CEF56CAC286380B400A8C825 /* Sources */ = {
			isa = PBXSourcesBuildPhase;
			buildActionMask = 2147483647;
			files = (
				CEF56CB6286380B400A8C825 /* ContentView.swift in Sources */,
				CEF56CB4286380B400A8C825 /* unitTestsInSwiftApp.swift in Sources */,
			);
			runOnlyForDeploymentPostprocessing = 0;
		};
		CEF56CC22863B90B00A8C825 /* Sources */ = {
			isa = PBXSourcesBuildPhase;
			buildActionMask = 2147483647;
			files = (
				CEF56CC92863B90B00A8C825 /* unitTestsInSwiftTests.swift in Sources */,
			);
			runOnlyForDeploymentPostprocessing = 0;
		};
/* End PBXSourcesBuildPhase section */

/* Begin PBXTargetDependency section */
		CEF56CCB2863B90B00A8C825 /* PBXTargetDependency */ = {
			isa = PBXTargetDependency;
			target = CEF56CAF286380B400A8C825 /* unitTestsInSwift */;
			targetProxy = CEF56CCA2863B90B00A8C825 /* PBXContainerItemProxy */;
		};
/* End PBXTargetDependency section */

/* Begin XCBuildConfiguration section */
		CEF56CBD286380B500A8C825 /* Debug */ = {
			isa = XCBuildConfiguration;
			buildSettings = {
				ALWAYS_SEARCH_USER_PATHS = NO;
				CLANG_ANALYZER_NONNULL = YES;
				CLANG_ANALYZER_NUMBER_OBJECT_CONVERSION = YES_AGGRESSIVE;
				CLANG_CXX_LANGUAGE_STANDARD = "gnu++17";
				CLANG_ENABLE_MODULES = YES;
				CLANG_ENABLE_OBJC_ARC = YES;
				CLANG_ENABLE_OBJC_WEAK = YES;
				CLANG_WARN_BLOCK_CAPTURE_AUTORELEASING = YES;
				CLANG_WARN_BOOL_CONVERSION = YES;
				CLANG_WARN_COMMA = YES;
				CLANG_WARN_CONSTANT_CONVERSION = YES;
				CLANG_WARN_DEPRECATED_OBJC_IMPLEMENTATIONS = YES;
				CLANG_WARN_DIRECT_OBJC_ISA_USAGE = YES_ERROR;
				CLANG_WARN_DOCUMENTATION_COMMENTS = YES;
				CLANG_WARN_EMPTY_BODY = YES;
				CLANG_WARN_ENUM_CONVERSION = YES;
				CLANG_WARN_INFINITE_RECURSION = YES;
				CLANG_WARN_INT_CONVERSION = YES;
				CLANG_WARN_NON_LITERAL_NULL_CONVERSION = YES;
				CLANG_WARN_OBJC_IMPLICIT_RETAIN_SELF = YES;
				CLANG_WARN_OBJC_LITERAL_CONVERSION = YES;
				CLANG_WARN_OBJC_ROOT_CLASS = YES_ERROR;
				CLANG_WARN_QUOTED_INCLUDE_IN_FRAMEWORK_HEADER = YES;
				CLANG_WARN_RANGE_LOOP_ANALYSIS = YES;
				CLANG_WARN_STRICT_PROTOTYPES = YES;
				CLANG_WARN_SUSPICIOUS_MOVE = YES;
				CLANG_WARN_UNGUARDED_AVAILABILITY = YES_AGGRESSIVE;
				CLANG_WARN_UNREACHABLE_CODE = YES;
				CLANG_WARN__DUPLICATE_METHOD_MATCH = YES;
				COPY_PHASE_STRIP = NO;
				DEBUG_INFORMATION_FORMAT = dwarf;
				ENABLE_STRICT_OBJC_MSGSEND = YES;
				ENABLE_TESTABILITY = YES;
				GCC_C_LANGUAGE_STANDARD = gnu11;
				GCC_DYNAMIC_NO_PIC = NO;
				GCC_NO_COMMON_BLOCKS = YES;
				GCC_OPTIMIZATION_LEVEL = 0;
				GCC_PREPROCESSOR_DEFINITIONS = (
					"DEBUG=1",
					"$(inherited)",
				);
				GCC_WARN_64_TO_32_BIT_CONVERSION = YES;
				GCC_WARN_ABOUT_RETURN_TYPE = YES_ERROR;
				GCC_WARN_UNDECLARED_SELECTOR = YES;
				GCC_WARN_UNINITIALIZED_AUTOS = YES_AGGRESSIVE;
				GCC_WARN_UNUSED_FUNCTION = YES;
				GCC_WARN_UNUSED_VARIABLE = YES;
				MACOSX_DEPLOYMENT_TARGET = 12.3;
				MTL_ENABLE_DEBUG_INFO = INCLUDE_SOURCE;
				MTL_FAST_MATH = YES;
				ONLY_ACTIVE_ARCH = YES;
				SDKROOT = macosx;
				SWIFT_ACTIVE_COMPILATION_CONDITIONS = DEBUG;
				SWIFT_OPTIMIZATION_LEVEL = "-Onone";
			};
			name = Debug;
		};
		CEF56CBE286380B500A8C825 /* Release */ = {
			isa = XCBuildConfiguration;
			buildSettings = {
				ALWAYS_SEARCH_USER_PATHS = NO;
				CLANG_ANALYZER_NONNULL = YES;
				CLANG_ANALYZER_NUMBER_OBJECT_CONVERSION = YES_AGGRESSIVE;
				CLANG_CXX_LANGUAGE_STANDARD = "gnu++17";
				CLANG_ENABLE_MODULES = YES;
				CLANG_ENABLE_OBJC_ARC = YES;
				CLANG_ENABLE_OBJC_WEAK = YES;
				CLANG_WARN_BLOCK_CAPTURE_AUTORELEASING = YES;
				CLANG_WARN_BOOL_CONVERSION = YES;
				CLANG_WARN_COMMA = YES;
				CLANG_WARN_CONSTANT_CONVERSION = YES;
				CLANG_WARN_DEPRECATED_OBJC_IMPLEMENTATIONS = YES;
				CLANG_WARN_DIRECT_OBJC_ISA_USAGE = YES_ERROR;
				CLANG_WARN_DOCUMENTATION_COMMENTS = YES;
				CLANG_WARN_EMPTY_BODY = YES;
				CLANG_WARN_ENUM_CONVERSION = YES;
				CLANG_WARN_INFINITE_RECURSION = YES;
				CLANG_WARN_INT_CONVERSION = YES;
				CLANG_WARN_NON_LITERAL_NULL_CONVERSION = YES;
				CLANG_WARN_OBJC_IMPLICIT_RETAIN_SELF = YES;
				CLANG_WARN_OBJC_LITERAL_CONVERSION = YES;
				CLANG_WARN_OBJC_ROOT_CLASS = YES_ERROR;
				CLANG_WARN_QUOTED_INCLUDE_IN_FRAMEWORK_HEADER = YES;
				CLANG_WARN_RANGE_LOOP_ANALYSIS = YES;
				CLANG_WARN_STRICT_PROTOTYPES = YES;
				CLANG_WARN_SUSPICIOUS_MOVE = YES;
				CLANG_WARN_UNGUARDED_AVAILABILITY = YES_AGGRESSIVE;
				CLANG_WARN_UNREACHABLE_CODE = YES;
				CLANG_WARN__DUPLICATE_METHOD_MATCH = YES;
				COPY_PHASE_STRIP = NO;
				DEBUG_INFORMATION_FORMAT = "dwarf-with-dsym";
				ENABLE_NS_ASSERTIONS = NO;
				ENABLE_STRICT_OBJC_MSGSEND = YES;
				GCC_C_LANGUAGE_STANDARD = gnu11;
				GCC_NO_COMMON_BLOCKS = YES;
				GCC_WARN_64_TO_32_BIT_CONVERSION = YES;
				GCC_WARN_ABOUT_RETURN_TYPE = YES_ERROR;
				GCC_WARN_UNDECLARED_SELECTOR = YES;
				GCC_WARN_UNINITIALIZED_AUTOS = YES_AGGRESSIVE;
				GCC_WARN_UNUSED_FUNCTION = YES;
				GCC_WARN_UNUSED_VARIABLE = YES;
				MACOSX_DEPLOYMENT_TARGET = 12.3;
				MTL_ENABLE_DEBUG_INFO = NO;
				MTL_FAST_MATH = YES;
				SDKROOT = macosx;
				SWIFT_COMPILATION_MODE = wholemodule;
				SWIFT_OPTIMIZATION_LEVEL = "-O";
			};
			name = Release;
		};
		CEF56CC0286380B500A8C825 /* Debug */ = {
			isa = XCBuildConfiguration;
			buildSettings = {
				ASSETCATALOG_COMPILER_APPICON_NAME = AppIcon;
				ASSETCATALOG_COMPILER_GLOBAL_ACCENT_COLOR_NAME = AccentColor;
				CODE_SIGN_ENTITLEMENTS = unitTestsInSwift/unitTestsInSwift.entitlements;
				CODE_SIGN_STYLE = Automatic;
				COMBINE_HIDPI_IMAGES = YES;
				CURRENT_PROJECT_VERSION = 1;
				DEVELOPMENT_ASSET_PATHS = "\"unitTestsInSwift/Preview Content\"";
				DEVELOPMENT_TEAM = 2V4K9G97E3;
				ENABLE_HARDENED_RUNTIME = YES;
				ENABLE_PREVIEWS = YES;
				GENERATE_INFOPLIST_FILE = YES;
				INFOPLIST_KEY_NSHumanReadableCopyright = "";
				LD_RUNPATH_SEARCH_PATHS = (
					"$(inherited)",
					"@executable_path/../Frameworks",
				);
				MARKETING_VERSION = 1.0;
				PRODUCT_BUNDLE_IDENTIFIER = com.unitTestsInSwift;
				PRODUCT_NAME = "$(TARGET_NAME)";
				SWIFT_EMIT_LOC_STRINGS = YES;
				SWIFT_VERSION = 5.0;
			};
			name = Debug;
		};
		CEF56CC1286380B500A8C825 /* Release */ = {
			isa = XCBuildConfiguration;
			buildSettings = {
				ASSETCATALOG_COMPILER_APPICON_NAME = AppIcon;
				ASSETCATALOG_COMPILER_GLOBAL_ACCENT_COLOR_NAME = AccentColor;
				CODE_SIGN_ENTITLEMENTS = unitTestsInSwift/unitTestsInSwift.entitlements;
				CODE_SIGN_STYLE = Automatic;
				COMBINE_HIDPI_IMAGES = YES;
				CURRENT_PROJECT_VERSION = 1;
				DEVELOPMENT_ASSET_PATHS = "\"unitTestsInSwift/Preview Content\"";
				DEVELOPMENT_TEAM = 2V4K9G97E3;
				ENABLE_HARDENED_RUNTIME = YES;
				ENABLE_PREVIEWS = YES;
				GENERATE_INFOPLIST_FILE = YES;
				INFOPLIST_KEY_NSHumanReadableCopyright = "";
				LD_RUNPATH_SEARCH_PATHS = (
					"$(inherited)",
					"@executable_path/../Frameworks",
				);
				MARKETING_VERSION = 1.0;
				PRODUCT_BUNDLE_IDENTIFIER = com.unitTestsInSwift;
				PRODUCT_NAME = "$(TARGET_NAME)";
				SWIFT_EMIT_LOC_STRINGS = YES;
				SWIFT_VERSION = 5.0;
			};
			name = Release;
		};
		CEF56CCD2863B90B00A8C825 /* Debug */ = {
			isa = XCBuildConfiguration;
			buildSettings = {
				BUNDLE_LOADER = "$(TEST_HOST)";
				CODE_SIGN_STYLE = Automatic;
				CURRENT_PROJECT_VERSION = 1;
				DEVELOPMENT_TEAM = 2V4K9G97E3;
				GENERATE_INFOPLIST_FILE = YES;
				MARKETING_VERSION = 1.0;
				PRODUCT_BUNDLE_IDENTIFIER = com.unitTestsInSwiftTests;
				PRODUCT_NAME = "$(TARGET_NAME)";
				SWIFT_EMIT_LOC_STRINGS = NO;
				SWIFT_VERSION = 5.0;
				TEST_HOST = "$(BUILT_PRODUCTS_DIR)/unitTestsInSwift.app/Contents/MacOS/unitTestsInSwift";
			};
			name = Debug;
		};
		CEF56CCE2863B90B00A8C825 /* Release */ = {
			isa = XCBuildConfiguration;
			buildSettings = {
				BUNDLE_LOADER = "$(TEST_HOST)";
				CODE_SIGN_STYLE = Automatic;
				CURRENT_PROJECT_VERSION = 1;
				DEVELOPMENT_TEAM = 2V4K9G97E3;
				GENERATE_INFOPLIST_FILE = YES;
				MARKETING_VERSION = 1.0;
				PRODUCT_BUNDLE_IDENTIFIER = com.unitTestsInSwiftTests;
				PRODUCT_NAME = "$(TARGET_NAME)";
				SWIFT_EMIT_LOC_STRINGS = NO;
				SWIFT_VERSION = 5.0;
				TEST_HOST = "$(BUILT_PRODUCTS_DIR)/unitTestsInSwift.app/Contents/MacOS/unitTestsInSwift";
			};
			name = Release;
		};
/* End XCBuildConfiguration section */

/* Begin XCConfigurationList section */
		CEF56CAB286380B400A8C825 /* Build configuration list for PBXProject "unitTestsInSwift" */ = {
			isa = XCConfigurationList;
			buildConfigurations = (
				CEF56CBD286380B500A8C825 /* Debug */,
				CEF56CBE286380B500A8C825 /* Release */,
			);
			defaultConfigurationIsVisible = 0;
			defaultConfigurationName = Release;
		};
		CEF56CBF286380B500A8C825 /* Build configuration list for PBXNativeTarget "unitTestsInSwift" */ = {
			isa = XCConfigurationList;
			buildConfigurations = (
				CEF56CC0286380B500A8C825 /* Debug */,
				CEF56CC1286380B500A8C825 /* Release */,
			);
			defaultConfigurationIsVisible = 0;
			defaultConfigurationName = Release;
		};
		CEF56CCC2863B90B00A8C825 /* Build configuration list for PBXNativeTarget "unitTestsInSwiftTests" */ = {
			isa = XCConfigurationList;
			buildConfigurations = (
				CEF56CCD2863B90B00A8C825 /* Debug */,
				CEF56CCE2863B90B00A8C825 /* Release */,
			);
			defaultConfigurationIsVisible = 0;
			defaultConfigurationName = Release;
		};
/* End XCConfigurationList section */
	};
	rootObject = CEF56CA8286380B400A8C825 /* Project object */;
}
